
Microsoft Visual Studio Solution File, Format Version 12.00
# Visual Studio Version 16
VisualStudioVersion = 16.0.31112.23
MinimumVisualStudioVersion = 10.0.40219.1
Project("{FAE04EC0-301F-11D3-BF4B-00C04F79EFBC}") = "RealTimeDelegateDemo", "RealTimeDelegateDemo\RealTimeDelegateDemo.csproj", "{C690775E-5E77-410A-8632-96FBC0531499}"
EndProject
Global
	GlobalSection(SolutionConfigurationPlatforms) = preSolution
		Debug|Any CPU = Debug|Any CPU
		Release|Any CPU = Release|Any CPU
	EndGlobalSection
	GlobalSection(ProjectConfigurationPlatforms) = postSolution
		{C690775E-5E77-410A-8632-96FBC0531499}.Debug|Any CPU.ActiveCfg = Debug|Any CPU
		{C690775E-5E77-410A-8632-96FBC0531499}.Debug|Any CPU.Build.0 = Debug|Any CPU
		{C690775E-5E77-410A-8632-96FBC0531499}.Release|Any CPU.ActiveCfg = Release|Any CPU
		{C690775E-5E77-410A-8632-96FBC0531499}.Release|Any CPU.Build.0 = Release|Any CPU
	EndGlobalSection
	GlobalSection(SolutionProperties) = preSolution
		HideSolutionNode = FALSE
	EndGlobalSection
	GlobalSection(ExtensibilityGlobals) = postSolution
		SolutionGuid = {90DAAD2D-E6C8-4B4E-B624-F3CA18CD391B}
	EndGlobalSection
EndGlobal
