
Microsoft Visual Studio Solution File, Format Version 12.00
# Visual Studio Version 16
VisualStudioVersion = 16.0.31112.23
MinimumVisualStudioVersion = 10.0.40219.1
Project("{FAE04EC0-301F-11D3-BF4B-00C04F79EFBC}") = "ExtensionMethodDemo", "ExtensionMethodDemo\ExtensionMethodDemo.csproj", "{DE61E6E8-A5C7-492A-9209-564FA3012A3A}"
EndProject
Global
	GlobalSection(SolutionConfigurationPlatforms) = preSolution
		Debug|Any CPU = Debug|Any CPU
		Release|Any CPU = Release|Any CPU
	EndGlobalSection
	GlobalSection(ProjectConfigurationPlatforms) = postSolution
		{DE61E6E8-A5C7-492A-9209-564FA3012A3A}.Debug|Any CPU.ActiveCfg = Debug|Any CPU
		{DE61E6E8-A5C7-492A-9209-564FA3012A3A}.Debug|Any CPU.Build.0 = Debug|Any CPU
		{DE61E6E8-A5C7-492A-9209-564FA3012A3A}.Release|Any CPU.ActiveCfg = Release|Any CPU
		{DE61E6E8-A5C7-492A-9209-564FA3012A3A}.Release|Any CPU.Build.0 = Release|Any CPU
	EndGlobalSection
	GlobalSection(SolutionProperties) = preSolution
		HideSolutionNode = FALSE
	EndGlobalSection
	GlobalSection(ExtensibilityGlobals) = postSolution
		SolutionGuid = {64BFC777-17FB-4496-989F-BE730780AE47}
	EndGlobalSection
EndGlobal
